
Microsoft Visual Studio Solution File, Format Version 12.00
# Visual Studio 15
VisualStudioVersion = 15.0.27703.2035
MinimumVisualStudioVersion = 10.0.40219.1
Project("{9A19103F-16F7-4668-BE54-9A1E7A4F7556}") = "Capstan", "Capstan\Capstan.csproj", "{CE4466A7-16C1-4C7E-B79A-5D23199A858A}"
EndProject
Project("{9A19103F-16F7-4668-BE54-9A1E7A4F7556}") = "ExampleHelloWorld", "ExampleHelloWorld\ExampleHelloWorld.csproj", "{C42936CF-163D-4658-A2B0-F58FEB5D081D}"
EndProject
Project("{FAE04EC0-301F-11D3-BF4B-00C04F79EFBC}") = "ExampleAllFeatures", "ExampleAllFeatures\ExampleAllFeatures.csproj", "{EB2F40B0-241A-42F0-AF15-821D67E793F9}"
EndProject
Global
	GlobalSection(SolutionConfigurationPlatforms) = preSolution
		Debug|Any CPU = Debug|Any CPU
		Release|Any CPU = Release|Any CPU
	EndGlobalSection
	GlobalSection(ProjectConfigurationPlatforms) = postSolution
		{CE4466A7-16C1-4C7E-B79A-5D23199A858A}.Debug|Any CPU.ActiveCfg = Debug|Any CPU
		{CE4466A7-16C1-4C7E-B79A-5D23199A858A}.Debug|Any CPU.Build.0 = Debug|Any CPU
		{CE4466A7-16C1-4C7E-B79A-5D23199A858A}.Release|Any CPU.ActiveCfg = Release|Any CPU
		{CE4466A7-16C1-4C7E-B79A-5D23199A858A}.Release|Any CPU.Build.0 = Release|Any CPU
		{C42936CF-163D-4658-A2B0-F58FEB5D081D}.Debug|Any CPU.ActiveCfg = Debug|Any CPU
		{C42936CF-163D-4658-A2B0-F58FEB5D081D}.Debug|Any CPU.Build.0 = Debug|Any CPU
		{C42936CF-163D-4658-A2B0-F58FEB5D081D}.Release|Any CPU.ActiveCfg = Release|Any CPU
		{C42936CF-163D-4658-A2B0-F58FEB5D081D}.Release|Any CPU.Build.0 = Release|Any CPU
		{EB2F40B0-241A-42F0-AF15-821D67E793F9}.Debug|Any CPU.ActiveCfg = Debug|Any CPU
		{EB2F40B0-241A-42F0-AF15-821D67E793F9}.Debug|Any CPU.Build.0 = Debug|Any CPU
		{EB2F40B0-241A-42F0-AF15-821D67E793F9}.Release|Any CPU.ActiveCfg = Release|Any CPU
		{EB2F40B0-241A-42F0-AF15-821D67E793F9}.Release|Any CPU.Build.0 = Release|Any CPU
	EndGlobalSection
	GlobalSection(SolutionProperties) = preSolution
		HideSolutionNode = FALSE
	EndGlobalSection
	GlobalSection(ExtensibilityGlobals) = postSolution
		SolutionGuid = {9B423FF4-4A9E-46DA-976C-99A2AC2446F7}
	EndGlobalSection
EndGlobal
